<?xml version="1.0" encoding="utf-8"?>
<Project ToolsVersion="4.0" xmlns="http://schemas.microsoft.com/developer/msbuild/2003">
  <ItemGroup>
    <Filter Include="Headerdateien">
      <UniqueIdentifier>{93995380-89BD-4b04-88EB-625FBE52EBFB}</UniqueIdentifier>
      <Extensions>h;hpp;hxx;hm;inl;inc;xsd</Extensions>
    </Filter>
    <Filter Include="Ressourcendateien">
      <UniqueIdentifier>{67DA6AB6-F800-4c08-8B7A-83BB121AAD01}</UniqueIdentifier>
      <Extensions>rc;ico;cur;bmp;dlg;rc2;rct;bin;rgs;gif;jpg;jpeg;jpe;resx;tiff;tif;png;wav;mfcribbon-ms</Extensions>
    </Filter>
    <Filter Include="Quelldateien">
      <UniqueIdentifier>{4FC737F1-C7A5-4376-A066-2A32D752A2FF}</UniqueIdentifier>
      <Extensions>cpp;c;cc;cxx;def;odl;idl;hpj;bat;asm;asmx</Extensions>
    </Filter>
    <Filter Include="Quelldateien\Engine">
      <UniqueIdentifier>{e706d88e-e472-4f6f-b6f4-85d5e600df67}</UniqueIdentifier>
    </Filter>
    <Filter Include="Quelldateien\Engine\Foxel">
      <UniqueIdentifier>{44d99e50-4b3f-4ce7-83c3-664aeeeaea3b}</UniqueIdentifier>
    </Filter>
    <Filter Include="Quelldateien\Engine\Config">
      <UniqueIdentifier>{fcb106a7-e37d-4c6f-8358-1969af9ba4f0}</UniqueIdentifier>
    </Filter>
    <Filter Include="Quelldateien\Engine\Canvas">
      <UniqueIdentifier>{0f2ae439-7883-4259-b7b9-ccaebd0e5603}</UniqueIdentifier>
    </Filter>
    <Filter Include="Quelldateien\Entities">
      <UniqueIdentifier>{aa3f7ec1-5c35-49df-9c51-fea6fc2df9b5}</UniqueIdentifier>
    </Filter>
    <Filter Include="Quelldateien\Entities\Props">
      <UniqueIdentifier>{299d2799-7d92-4bea-a4ae-eaa2969c5732}</UniqueIdentifier>
    </Filter>
    <Filter Include="Quelldateien\Entities\Props\Camera">
      <UniqueIdentifier>{88956084-7ed4-4bab-8327-857aacd4767f}</UniqueIdentifier>
    </Filter>
    <Filter Include="Quelldateien\Entities\Props\Player">
      <UniqueIdentifier>{a296f263-a4db-4244-862f-59d5b33c575e}</UniqueIdentifier>
    </Filter>
    <Filter Include="Quelldateien\World">
      <UniqueIdentifier>{59f9a606-e718-411a-92da-39a3e036a3dd}</UniqueIdentifier>
    </Filter>
    <Filter Include="Quelldateien\Entities\Props\Axes">
      <UniqueIdentifier>{a21b74c5-e33e-40ad-819e-2d3441b8880a}</UniqueIdentifier>
    </Filter>
    <Filter Include="Quelldateien\Math">
      <UniqueIdentifier>{c520aa8e-6f4e-45e8-ad6f-b67e08b60e0e}</UniqueIdentifier>
    </Filter>
    <Filter Include="Quelldateien\Math\Datatypes">
      <UniqueIdentifier>{6053863c-fe37-4b61-8489-d7acfa2979f4}</UniqueIdentifier>
    </Filter>
    <Filter Include="Quelldateien\Engine\EventSystem">
      <UniqueIdentifier>{68c0fba0-b4d0-4017-8e80-414189125ee6}</UniqueIdentifier>
    </Filter>
    <Filter Include="Quelldateien\Forms">
      <UniqueIdentifier>{cc9e47d5-891b-4f5c-ac6a-ef949b8f5dd9}</UniqueIdentifier>
    </Filter>
    <Filter Include="Quelldateien\Forms\Text">
      <UniqueIdentifier>{1db14feb-f83e-4010-b370-487b13166634}</UniqueIdentifier>
    </Filter>
    <Filter Include="Quelldateien\Forms\Menu">
      <UniqueIdentifier>{79ed2f3d-4bdb-422c-b24d-0d032b3ec17c}</UniqueIdentifier>
    </Filter>
    <Filter Include="Quelldateien\Level Editor">
      <UniqueIdentifier>{66e720e1-212b-4ca3-90cf-8062f5166f27}</UniqueIdentifier>
    </Filter>
    <Filter Include="Quelldateien\Level Editor\Window">
      <UniqueIdentifier>{3b5d2d12-9e4a-48f1-b98f-4165b036612a}</UniqueIdentifier>
    </Filter>
  </ItemGroup>
  <ItemGroup>
    <ClInclude Include="Foxel.h">
      <Filter>Quelldateien\Engine\Foxel</Filter>
    </ClInclude>
    <ClInclude Include="FoxelManager.h">
      <Filter>Quelldateien\Engine\Foxel</Filter>
    </ClInclude>
    <ClInclude Include="Config.h">
      <Filter>Quelldateien\Engine\Config</Filter>
    </ClInclude>
    <ClInclude Include="Core.h">
      <Filter>Quelldateien\Engine</Filter>
    </ClInclude>
    <ClInclude Include="GL_Screen.h">
      <Filter>Quelldateien\Engine\Canvas</Filter>
    </ClInclude>
    <ClInclude Include="GameComponent.h">
      <Filter>Quelldateien\Entities</Filter>
    </ClInclude>
    <ClInclude Include="PropDynamic.h">
      <Filter>Quelldateien\Entities\Props</Filter>
    </ClInclude>
    <ClInclude Include="Camera.h">
      <Filter>Quelldateien\Entities\Props\Camera</Filter>
    </ClInclude>
    <ClInclude Include="Player.h">
      <Filter>Quelldateien\Entities\Props\Player</Filter>
    </ClInclude>
    <ClInclude Include="World.h">
      <Filter>Quelldateien\World</Filter>
    </ClInclude>
    <ClInclude Include="DrawableGameComponent.h">
      <Filter>Quelldateien\Entities</Filter>
    </ClInclude>
    <ClInclude Include="PlayerControler.h">
      <Filter>Quelldateien\Entities\Props\Player</Filter>
    </ClInclude>
    <ClInclude Include="Axes.h">
      <Filter>Quelldateien\Entities\Props\Axes</Filter>
    </ClInclude>
    <ClInclude Include="Vec3.h">
      <Filter>Quelldateien\Math\Datatypes</Filter>
    </ClInclude>
    <ClInclude Include="Convert.h">
      <Filter>Quelldateien\Math</Filter>
    </ClInclude>
    <ClInclude Include="resource.h">
      <Filter>Headerdateien</Filter>
    </ClInclude>
    <ClInclude Include="Foxel_Interaction.h">
      <Filter>Quelldateien\Engine\EventSystem</Filter>
    </ClInclude>
    <ClInclude Include="Event.h">
      <Filter>Quelldateien\Engine\EventSystem</Filter>
    </ClInclude>
    <ClInclude Include="BitmapText.h">
      <Filter>Quelldateien\Forms\Text</Filter>
    </ClInclude>
    <ClInclude Include="TextField.h">
      <Filter>Quelldateien\Forms\Text</Filter>
    </ClInclude>
    <ClInclude Include="GameMenu.h">
      <Filter>Quelldateien\Forms\Menu</Filter>
    </ClInclude>
    <ClInclude Include="TextButton.h">
      <Filter>Quelldateien\Forms\Menu</Filter>
    </ClInclude>
    <ClInclude Include="Vec2.h">
      <Filter>Quelldateien\Math\Datatypes</Filter>
    </ClInclude>
    <ClInclude Include="Main_Menu.h">
      <Filter>Quelldateien\Forms\Menu</Filter>
    </ClInclude>
    <ClInclude Include="View.h">
      <Filter>Quelldateien\Level Editor\Window</Filter>
    </ClInclude>
    <ClInclude Include="Entity_2D.h">
      <Filter>Quelldateien\Entities</Filter>
    </ClInclude>
    <ClInclude Include="Vec3d.h">
      <Filter>Quelldateien\Math\Datatypes</Filter>
    </ClInclude>
    <ClInclude Include="Vec2d.h">
      <Filter>Quelldateien\Math\Datatypes</Filter>
    </ClInclude>
    <ClInclude Include="Editor.h">
      <Filter>Quelldateien\Level Editor</Filter>
    </ClInclude>
    <ClInclude Include="ToolBox.h">
      <Filter>Quelldateien\Level Editor</Filter>
    </ClInclude>
  </ItemGroup>
  <ItemGroup>
    <ClCompile Include="main.cpp">
      <Filter>Quelldateien</Filter>
    </ClCompile>
    <ClCompile Include="Foxel.cpp">
      <Filter>Quelldateien\Engine\Foxel</Filter>
    </ClCompile>
    <ClCompile Include="FoxelManager.cpp">
      <Filter>Quelldateien\Engine\Foxel</Filter>
    </ClCompile>
    <ClCompile Include="Config.cpp">
      <Filter>Quelldateien\Engine\Config</Filter>
    </ClCompile>
    <ClCompile Include="Core.cpp">
      <Filter>Quelldateien\Engine</Filter>
    </ClCompile>
    <ClCompile Include="Core_inputs.cpp">
      <Filter>Quelldateien\Engine</Filter>
    </ClCompile>
    <ClCompile Include="GL_Screen.cpp">
      <Filter>Quelldateien\Engine\Canvas</Filter>
    </ClCompile>
    <ClCompile Include="GameComponent.cpp">
      <Filter>Quelldateien\Entities</Filter>
    </ClCompile>
    <ClCompile Include="PropDynamic.cpp">
      <Filter>Quelldateien\Entities\Props</Filter>
    </ClCompile>
    <ClCompile Include="Camera.cpp">
      <Filter>Quelldateien\Entities\Props\Camera</Filter>
    </ClCompile>
    <ClCompile Include="Player.cpp">
      <Filter>Quelldateien\Entities\Props\Player</Filter>
    </ClCompile>
    <ClCompile Include="World.cpp">
      <Filter>Quelldateien\World</Filter>
    </ClCompile>
    <ClCompile Include="DrawableGameComponent.cpp">
      <Filter>Quelldateien\Entities</Filter>
    </ClCompile>
    <ClCompile Include="PlayerControler.cpp">
      <Filter>Quelldateien\Entities\Props\Player</Filter>
    </ClCompile>
    <ClCompile Include="Axes.cpp">
      <Filter>Quelldateien\Entities\Props\Axes</Filter>
    </ClCompile>
    <ClCompile Include="Vec3.cpp">
      <Filter>Quelldateien\Math\Datatypes</Filter>
    </ClCompile>
    <ClCompile Include="Convert.cpp">
      <Filter>Quelldateien\Math</Filter>
    </ClCompile>
    <ClCompile Include="Foxel_Interaction.cpp">
      <Filter>Quelldateien\Engine\EventSystem</Filter>
    </ClCompile>
    <ClCompile Include="Event.cpp">
      <Filter>Quelldateien\Engine\EventSystem</Filter>
    </ClCompile>
    <ClCompile Include="Core_events.cpp">
      <Filter>Quelldateien\Engine</Filter>
    </ClCompile>
    <ClCompile Include="BitmapText.cpp">
      <Filter>Quelldateien\Forms\Text</Filter>
    </ClCompile>
    <ClCompile Include="TextField.cpp">
      <Filter>Quelldateien\Forms\Text</Filter>
    </ClCompile>
    <ClCompile Include="GameMenu.cpp">
      <Filter>Quelldateien\Forms\Menu</Filter>
    </ClCompile>
    <ClCompile Include="TextButton.cpp">
      <Filter>Quelldateien\Forms\Menu</Filter>
    </ClCompile>
    <ClCompile Include="Vec2.cpp">
      <Filter>Quelldateien\Math\Datatypes</Filter>
    </ClCompile>
    <ClCompile Include="Main_Menu.cpp">
      <Filter>Quelldateien\Forms\Menu</Filter>
    </ClCompile>
    <ClCompile Include="View.cpp">
      <Filter>Quelldateien\Level Editor\Window</Filter>
    </ClCompile>
    <ClCompile Include="Entity_2D.cpp">
      <Filter>Quelldateien\Entities</Filter>
    </ClCompile>
    <ClCompile Include="Vec3d.cpp">
      <Filter>Quelldateien\Math\Datatypes</Filter>
    </ClCompile>
    <ClCompile Include="Vec2d.cpp">
      <Filter>Quelldateien\Math\Datatypes</Filter>
    </ClCompile>
    <ClCompile Include="Editor.cpp">
      <Filter>Quelldateien\Level Editor</Filter>
    </ClCompile>
    <ClCompile Include="ToolBox.cpp">
      <Filter>Quelldateien\Level Editor</Filter>
    </ClCompile>
  </ItemGroup>
  <ItemGroup>
    <None Include="config.cfg">
      <Filter>Ressourcendateien</Filter>
    </None>
    <None Include="Ressourcen\icon.ico">
      <Filter>Ressourcendateien</Filter>
    </None>
  </ItemGroup>
  <ItemGroup>
    <ResourceCompile Include="FoxelEngineV2.rc">
      <Filter>Ressourcendateien</Filter>
    </ResourceCompile>
  </ItemGroup>
</Project>